// !$*UTF8*$!
{
	archiveVersion = 1;
	classes = {
	};
	objectVersion = 56;
	objects = {

/* Begin PBXBuildFile section */
		B79A4A6C9897E9A417F029B0 /* Pods_demo_ci_cd.framework in Frameworks */ = {isa = PBXBuildFile; fileRef = 412BE0555917BCEE634AB48D /* Pods_demo_ci_cd.framework */; };
		C8EDCD0F2ACBD0460073A568 /* AppDelegate.swift in Sources */ = {isa = PBXBuildFile; fileRef = C8EDCD0E2ACBD0460073A568 /* AppDelegate.swift */; };
		C8EDCD112ACBD0460073A568 /* SceneDelegate.swift in Sources */ = {isa = PBXBuildFile; fileRef = C8EDCD102ACBD0460073A568 /* SceneDelegate.swift */; };
		C8EDCD132ACBD0460073A568 /* ViewController.swift in Sources */ = {isa = PBXBuildFile; fileRef = C8EDCD122ACBD0460073A568 /* ViewController.swift */; };
		C8EDCD162ACBD0460073A568 /* Main.storyboard in Resources */ = {isa = PBXBuildFile; fileRef = C8EDCD142ACBD0460073A568 /* Main.storyboard */; };
		C8EDCD182ACBD0470073A568 /* Assets.xcassets in Resources */ = {isa = PBXBuildFile; fileRef = C8EDCD172ACBD0470073A568 /* Assets.xcassets */; };
		C8EDCD1B2ACBD0470073A568 /* LaunchScreen.storyboard in Resources */ = {isa = PBXBuildFile; fileRef = C8EDCD192ACBD0470073A568 /* LaunchScreen.storyboard */; };
/* End PBXBuildFile section */

/* Begin PBXFileReference section */
		404DDDE31808B53BF056F71B /* Pods-demo-ci-cd.debug.xcconfig */ = {isa = PBXFileReference; includeInIndex = 1; lastKnownFileType = text.xcconfig; name = "Pods-demo-ci-cd.debug.xcconfig"; path = "Target Support Files/Pods-demo-ci-cd/Pods-demo-ci-cd.debug.xcconfig"; sourceTree = "<group>"; };
		412BE0555917BCEE634AB48D /* Pods_demo_ci_cd.framework */ = {isa = PBXFileReference; explicitFileType = wrapper.framework; includeInIndex = 0; path = Pods_demo_ci_cd.framework; sourceTree = BUILT_PRODUCTS_DIR; };
		50C0B622343DFD3BFF33F5F7 /* Pods-demo-ci-cd.release.xcconfig */ = {isa = PBXFileReference; includeInIndex = 1; lastKnownFileType = text.xcconfig; name = "Pods-demo-ci-cd.release.xcconfig"; path = "Target Support Files/Pods-demo-ci-cd/Pods-demo-ci-cd.release.xcconfig"; sourceTree = "<group>"; };
		C8EDCD0B2ACBD0460073A568 /* demo-ci-cd.app */ = {isa = PBXFileReference; explicitFileType = wrapper.application; includeInIndex = 0; path = "demo-ci-cd.app"; sourceTree = BUILT_PRODUCTS_DIR; };
		C8EDCD0E2ACBD0460073A568 /* AppDelegate.swift */ = {isa = PBXFileReference; lastKnownFileType = sourcecode.swift; path = AppDelegate.swift; sourceTree = "<group>"; };
		C8EDCD102ACBD0460073A568 /* SceneDelegate.swift */ = {isa = PBXFileReference; lastKnownFileType = sourcecode.swift; path = SceneDelegate.swift; sourceTree = "<group>"; };
		C8EDCD122ACBD0460073A568 /* ViewController.swift */ = {isa = PBXFileReference; lastKnownFileType = sourcecode.swift; path = ViewController.swift; sourceTree = "<group>"; };
		C8EDCD152ACBD0460073A568 /* Base */ = {isa = PBXFileReference; lastKnownFileType = file.storyboard; name = Base; path = Base.lproj/Main.storyboard; sourceTree = "<group>"; };
		C8EDCD172ACBD0470073A568 /* Assets.xcassets */ = {isa = PBXFileReference; lastKnownFileType = folder.assetcatalog; path = Assets.xcassets; sourceTree = "<group>"; };
		C8EDCD1A2ACBD0470073A568 /* Base */ = {isa = PBXFileReference; lastKnownFileType = file.storyboard; name = Base; path = Base.lproj/LaunchScreen.storyboard; sourceTree = "<group>"; };
		C8EDCD1C2ACBD0470073A568 /* Info.plist */ = {isa = PBXFileReference; lastKnownFileType = text.plist.xml; path = Info.plist; sourceTree = "<group>"; };
/* End PBXFileReference section */

/* Begin PBXFrameworksBuildPhase section */
		C8EDCD082ACBD0460073A568 /* Frameworks */ = {
			isa = PBXFrameworksBuildPhase;
			buildActionMask = 2147483647;
			files = (
				B79A4A6C9897E9A417F029B0 /* Pods_demo_ci_cd.framework in Frameworks */,
			);
			runOnlyForDeploymentPostprocessing = 0;
		};
/* End PBXFrameworksBuildPhase section */

/* Begin PBXGroup section */
		AFDB2CB4543D102685D124B6 /* Pods */ = {
			isa = PBXGroup;
			children = (
				404DDDE31808B53BF056F71B /* Pods-demo-ci-cd.debug.xcconfig */,
				50C0B622343DFD3BFF33F5F7 /* Pods-demo-ci-cd.release.xcconfig */,
			);
			path = Pods;
			sourceTree = "<group>";
		};
		B8672178F516B126D17AE3A4 /* Frameworks */ = {
			isa = PBXGroup;
			children = (
				412BE0555917BCEE634AB48D /* Pods_demo_ci_cd.framework */,
			);
			name = Frameworks;
			sourceTree = "<group>";
		};
		C8EDCD022ACBD0460073A568 = {
			isa = PBXGroup;
			children = (
				C8EDCD0D2ACBD0460073A568 /* demo-ci-cd */,
				C8EDCD0C2ACBD0460073A568 /* Products */,
				AFDB2CB4543D102685D124B6 /* Pods */,
				B8672178F516B126D17AE3A4 /* Frameworks */,
			);
			sourceTree = "<group>";
		};
		C8EDCD0C2ACBD0460073A568 /* Products */ = {
			isa = PBXGroup;
			children = (
				C8EDCD0B2ACBD0460073A568 /* demo-ci-cd.app */,
			);
			name = Products;
			sourceTree = "<group>";
		};
		C8EDCD0D2ACBD0460073A568 /* demo-ci-cd */ = {
			isa = PBXGroup;
			children = (
				C8EDCD0E2ACBD0460073A568 /* AppDelegate.swift */,
				C8EDCD102ACBD0460073A568 /* SceneDelegate.swift */,
				C8EDCD122ACBD0460073A568 /* ViewController.swift */,
				C8EDCD142ACBD0460073A568 /* Main.storyboard */,
				C8EDCD172ACBD0470073A568 /* Assets.xcassets */,
				C8EDCD192ACBD0470073A568 /* LaunchScreen.storyboard */,
				C8EDCD1C2ACBD0470073A568 /* Info.plist */,
			);
			path = "demo-ci-cd";
			sourceTree = "<group>";
		};
/* End PBXGroup section */

/* Begin PBXNativeTarget section */
		C8EDCD0A2ACBD0460073A568 /* demo-ci-cd */ = {
			isa = PBXNativeTarget;
			buildConfigurationList = C8EDCD1F2ACBD0470073A568 /* Build configuration list for PBXNativeTarget "demo-ci-cd" */;
			buildPhases = (
				1BC9460D71585D07489A9B45 /* [CP] Check Pods Manifest.lock */,
				C8EDCD072ACBD0460073A568 /* Sources */,
				C8EDCD082ACBD0460073A568 /* Frameworks */,
				C8EDCD092ACBD0460073A568 /* Resources */,
			);
			buildRules = (
			);
			dependencies = (
			);
			name = "demo-ci-cd";
			productName = "demo-ci-cd";
			productReference = C8EDCD0B2ACBD0460073A568 /* demo-ci-cd.app */;
			productType = "com.apple.product-type.application";
		};
/* End PBXNativeTarget section */

/* Begin PBXProject section */
		C8EDCD032ACBD0460073A568 /* Project object */ = {
			isa = PBXProject;
			attributes = {
				BuildIndependentTargetsInParallel = 1;
				LastSwiftUpdateCheck = 1430;
				LastUpgradeCheck = 1430;
				TargetAttributes = {
					C8EDCD0A2ACBD0460073A568 = {
						CreatedOnToolsVersion = 14.3.1;
					};
				};
			};
			buildConfigurationList = C8EDCD062ACBD0460073A568 /* Build configuration list for PBXProject "demo-ci-cd" */;
			compatibilityVersion = "Xcode 14.0";
			developmentRegion = en;
			hasScannedForEncodings = 0;
			knownRegions = (
				en,
				Base,
			);
			mainGroup = C8EDCD022ACBD0460073A568;
			productRefGroup = C8EDCD0C2ACBD0460073A568 /* Products */;
			projectDirPath = "";
			projectRoot = "";
			targets = (
				C8EDCD0A2ACBD0460073A568 /* demo-ci-cd */,
			);
		};
/* End PBXProject section */

/* Begin PBXResourcesBuildPhase section */
		C8EDCD092ACBD0460073A568 /* Resources */ = {
			isa = PBXResourcesBuildPhase;
			buildActionMask = 2147483647;
			files = (
				C8EDCD1B2ACBD0470073A568 /* LaunchScreen.storyboard in Resources */,
				C8EDCD182ACBD0470073A568 /* Assets.xcassets in Resources */,
				C8EDCD162ACBD0460073A568 /* Main.storyboard in Resources */,
			);
			runOnlyForDeploymentPostprocessing = 0;
		};
/* End PBXResourcesBuildPhase section */

/* Begin PBXShellScriptBuildPhase section */
		1BC9460D71585D07489A9B45 /* [CP] Check Pods Manifest.lock */ = {
			isa = PBXShellScriptBuildPhase;
			buildActionMask = 2147483647;
			files = (
			);
			inputFileListPaths = (
			);
			inputPaths = (
				"${PODS_PODFILE_DIR_PATH}/Podfile.lock",
				"${PODS_ROOT}/Manifest.lock",
			);
			name = "[CP] Check Pods Manifest.lock";
			outputFileListPaths = (
			);
			outputPaths = (
				"$(DERIVED_FILE_DIR)/Pods-demo-ci-cd-checkManifestLockResult.txt",
			);
			runOnlyForDeploymentPostprocessing = 0;
			shellPath = /bin/sh;
			shellScript = "diff \"${PODS_PODFILE_DIR_PATH}/Podfile.lock\" \"${PODS_ROOT}/Manifest.lock\" > /dev/null\nif [ $? != 0 ] ; then\n    # print error to STDERR\n    echo \"error: The sandbox is not in sync with the Podfile.lock. Run 'pod install' or update your CocoaPods installation.\" >&2\n    exit 1\nfi\n# This output is used by Xcode 'outputs' to avoid re-running this script phase.\necho \"SUCCESS\" > \"${SCRIPT_OUTPUT_FILE_0}\"\n";
			showEnvVarsInLog = 0;
		};
/* End PBXShellScriptBuildPhase section */

/* Begin PBXSourcesBuildPhase section */
		C8EDCD072ACBD0460073A568 /* Sources */ = {
			isa = PBXSourcesBuildPhase;
			buildActionMask = 2147483647;
			files = (
				C8EDCD132ACBD0460073A568 /* ViewController.swift in Sources */,
				C8EDCD0F2ACBD0460073A568 /* AppDelegate.swift in Sources */,
				C8EDCD112ACBD0460073A568 /* SceneDelegate.swift in Sources */,
			);
			runOnlyForDeploymentPostprocessing = 0;
		};
/* End PBXSourcesBuildPhase section */

/* Begin PBXVariantGroup section */
		C8EDCD142ACBD0460073A568 /* Main.storyboard */ = {
			isa = PBXVariantGroup;
			children = (
				C8EDCD152ACBD0460073A568 /* Base */,
			);
			name = Main.storyboard;
			sourceTree = "<group>";
		};
		C8EDCD192ACBD0470073A568 /* LaunchScreen.storyboard */ = {
			isa = PBXVariantGroup;
			children = (
				C8EDCD1A2ACBD0470073A568 /* Base */,
			);
			name = LaunchScreen.storyboard;
			sourceTree = "<group>";
		};
/* End PBXVariantGroup section */

/* Begin XCBuildConfiguration section */
		C8EDCD1D2ACBD0470073A568 /* Debug */ = {
			isa = XCBuildConfiguration;
			buildSettings = {
				ALWAYS_SEARCH_USER_PATHS = NO;
				CLANG_ANALYZER_NONNULL = YES;
				CLANG_ANALYZER_NUMBER_OBJECT_CONVERSION = YES_AGGRESSIVE;
				CLANG_CXX_LANGUAGE_STANDARD = "gnu++20";
				CLANG_ENABLE_MODULES = YES;
				CLANG_ENABLE_OBJC_ARC = YES;
				CLANG_ENABLE_OBJC_WEAK = YES;
				CLANG_WARN_BLOCK_CAPTURE_AUTORELEASING = YES;
				CLANG_WARN_BOOL_CONVERSION = YES;
				CLANG_WARN_COMMA = YES;
				CLANG_WARN_CONSTANT_CONVERSION = YES;
				CLANG_WARN_DEPRECATED_OBJC_IMPLEMENTATIONS = YES;
				CLANG_WARN_DIRECT_OBJC_ISA_USAGE = YES_ERROR;
				CLANG_WARN_DOCUMENTATION_COMMENTS = YES;
				CLANG_WARN_EMPTY_BODY = YES;
				CLANG_WARN_ENUM_CONVERSION = YES;
				CLANG_WARN_INFINITE_RECURSION = YES;
				CLANG_WARN_INT_CONVERSION = YES;
				CLANG_WARN_NON_LITERAL_NULL_CONVERSION = YES;
				CLANG_WARN_OBJC_IMPLICIT_RETAIN_SELF = YES;
				CLANG_WARN_OBJC_LITERAL_CONVERSION = YES;
				CLANG_WARN_OBJC_ROOT_CLASS = YES_ERROR;
				CLANG_WARN_QUOTED_INCLUDE_IN_FRAMEWORK_HEADER = YES;
				CLANG_WARN_RANGE_LOOP_ANALYSIS = YES;
				CLANG_WARN_STRICT_PROTOTYPES = YES;
				CLANG_WARN_SUSPICIOUS_MOVE = YES;
				CLANG_WARN_UNGUARDED_AVAILABILITY = YES_AGGRESSIVE;
				CLANG_WARN_UNREACHABLE_CODE = YES;
				CLANG_WARN__DUPLICATE_METHOD_MATCH = YES;
				COPY_PHASE_STRIP = NO;
				DEBUG_INFORMATION_FORMAT = dwarf;
				ENABLE_STRICT_OBJC_MSGSEND = YES;
				ENABLE_TESTABILITY = YES;
				GCC_C_LANGUAGE_STANDARD = gnu11;
				GCC_DYNAMIC_NO_PIC = NO;
				GCC_NO_COMMON_BLOCKS = YES;
				GCC_OPTIMIZATION_LEVEL = 0;
				GCC_PREPROCESSOR_DEFINITIONS = (
					"DEBUG=1",
					"$(inherited)",
				);
				GCC_WARN_64_TO_32_BIT_CONVERSION = YES;
				GCC_WARN_ABOUT_RETURN_TYPE = YES_ERROR;
				GCC_WARN_UNDECLARED_SELECTOR = YES;
				GCC_WARN_UNINITIALIZED_AUTOS = YES_AGGRESSIVE;
				GCC_WARN_UNUSED_FUNCTION = YES;
				GCC_WARN_UNUSED_VARIABLE = YES;
				IPHONEOS_DEPLOYMENT_TARGET = 16.4;
				MTL_ENABLE_DEBUG_INFO = INCLUDE_SOURCE;
				MTL_FAST_MATH = YES;
				ONLY_ACTIVE_ARCH = YES;
				SDKROOT = iphoneos;
				SWIFT_ACTIVE_COMPILATION_CONDITIONS = DEBUG;
				SWIFT_OPTIMIZATION_LEVEL = "-Onone";
			};
			name = Debug;
		};
		C8EDCD1E2ACBD0470073A568 /* Release */ = {
			isa = XCBuildConfiguration;
			buildSettings = {
				ALWAYS_SEARCH_USER_PATHS = NO;
				CLANG_ANALYZER_NONNULL = YES;
				CLANG_ANALYZER_NUMBER_OBJECT_CONVERSION = YES_AGGRESSIVE;
				CLANG_CXX_LANGUAGE_STANDARD = "gnu++20";
				CLANG_ENABLE_MODULES = YES;
				CLANG_ENABLE_OBJC_ARC = YES;
				CLANG_ENABLE_OBJC_WEAK = YES;
				CLANG_WARN_BLOCK_CAPTURE_AUTORELEASING = YES;
				CLANG_WARN_BOOL_CONVERSION = YES;
				CLANG_WARN_COMMA = YES;
				CLANG_WARN_CONSTANT_CONVERSION = YES;
				CLANG_WARN_DEPRECATED_OBJC_IMPLEMENTATIONS = YES;
				CLANG_WARN_DIRECT_OBJC_ISA_USAGE = YES_ERROR;
				CLANG_WARN_DOCUMENTATION_COMMENTS = YES;
				CLANG_WARN_EMPTY_BODY = YES;
				CLANG_WARN_ENUM_CONVERSION = YES;
				CLANG_WARN_INFINITE_RECURSION = YES;
				CLANG_WARN_INT_CONVERSION = YES;
				CLANG_WARN_NON_LITERAL_NULL_CONVERSION = YES;
				CLANG_WARN_OBJC_IMPLICIT_RETAIN_SELF = YES;
				CLANG_WARN_OBJC_LITERAL_CONVERSION = YES;
				CLANG_WARN_OBJC_ROOT_CLASS = YES_ERROR;
				CLANG_WARN_QUOTED_INCLUDE_IN_FRAMEWORK_HEADER = YES;
				CLANG_WARN_RANGE_LOOP_ANALYSIS = YES;
				CLANG_WARN_STRICT_PROTOTYPES = YES;
				CLANG_WARN_SUSPICIOUS_MOVE = YES;
				CLANG_WARN_UNGUARDED_AVAILABILITY = YES_AGGRESSIVE;
				CLANG_WARN_UNREACHABLE_CODE = YES;
				CLANG_WARN__DUPLICATE_METHOD_MATCH = YES;
				COPY_PHASE_STRIP = NO;
				DEBUG_INFORMATION_FORMAT = "dwarf-with-dsym";
				ENABLE_NS_ASSERTIONS = NO;
				ENABLE_STRICT_OBJC_MSGSEND = YES;
				GCC_C_LANGUAGE_STANDARD = gnu11;
				GCC_NO_COMMON_BLOCKS = YES;
				GCC_WARN_64_TO_32_BIT_CONVERSION = YES;
				GCC_WARN_ABOUT_RETURN_TYPE = YES_ERROR;
				GCC_WARN_UNDECLARED_SELECTOR = YES;
				GCC_WARN_UNINITIALIZED_AUTOS = YES_AGGRESSIVE;
				GCC_WARN_UNUSED_FUNCTION = YES;
				GCC_WARN_UNUSED_VARIABLE = YES;
				IPHONEOS_DEPLOYMENT_TARGET = 16.4;
				MTL_ENABLE_DEBUG_INFO = NO;
				MTL_FAST_MATH = YES;
				SDKROOT = iphoneos;
				SWIFT_COMPILATION_MODE = wholemodule;
				SWIFT_OPTIMIZATION_LEVEL = "-O";
				VALIDATE_PRODUCT = YES;
			};
			name = Release;
		};
		C8EDCD202ACBD0470073A568 /* Debug */ = {
			isa = XCBuildConfiguration;
			baseConfigurationReference = 404DDDE31808B53BF056F71B /* Pods-demo-ci-cd.debug.xcconfig */;
			buildSettings = {
				ASSETCATALOG_COMPILER_APPICON_NAME = AppIcon;
				ASSETCATALOG_COMPILER_GLOBAL_ACCENT_COLOR_NAME = AccentColor;
				CODE_SIGN_IDENTITY = "Apple Development";
				"CODE_SIGN_IDENTITY[sdk=iphoneos*]" = "iPhone Distribution";
				CODE_SIGN_STYLE = Manual;
				CURRENT_PROJECT_VERSION = 1;
				DEVELOPMENT_TEAM = "";
				"DEVELOPMENT_TEAM[sdk=iphoneos*]" = 63ZK7FQ2ND;
				GENERATE_INFOPLIST_FILE = YES;
				INFOPLIST_FILE = "demo-ci-cd/Info.plist";
				INFOPLIST_KEY_UIApplicationSupportsIndirectInputEvents = YES;
				INFOPLIST_KEY_UILaunchStoryboardName = LaunchScreen;
				INFOPLIST_KEY_UIMainStoryboardFile = Main;
				INFOPLIST_KEY_UISupportedInterfaceOrientations = UIInterfaceOrientationPortrait;
				INFOPLIST_KEY_UISupportedInterfaceOrientations_iPad = "UIInterfaceOrientationLandscapeLeft UIInterfaceOrientationLandscapeRight UIInterfaceOrientationPortrait UIInterfaceOrientationPortraitUpsideDown";
				IPHONEOS_DEPLOYMENT_TARGET = 15.0;
				LD_RUNPATH_SEARCH_PATHS = (
					"$(inherited)",
					"@executable_path/Frameworks",
				);
				MARKETING_VERSION = 1.0;
				PRODUCT_BUNDLE_IDENTIFIER = com.khactao.testicid;
				PRODUCT_NAME = "$(TARGET_NAME)";
				PROVISIONING_PROFILE_SPECIFIER = "";
				"PROVISIONING_PROFILE_SPECIFIER[sdk=iphoneos*]" = testAppStore;
				SUPPORTED_PLATFORMS = "iphoneos iphonesimulator";
				SUPPORTS_MACCATALYST = NO;
				SUPPORTS_MAC_DESIGNED_FOR_IPHONE_IPAD = NO;
				SWIFT_EMIT_LOC_STRINGS = YES;
				SWIFT_VERSION = 5.0;
				TARGETED_DEVICE_FAMILY = 1;
			};
			name = Debug;
		};
		C8EDCD212ACBD0470073A568 /* Release */ = {
			isa = XCBuildConfiguration;
			baseConfigurationReference = 50C0B622343DFD3BFF33F5F7 /* Pods-demo-ci-cd.release.xcconfig */;
			buildSettings = {
				ASSETCATALOG_COMPILER_APPICON_NAME = AppIcon;
				ASSETCATALOG_COMPILER_GLOBAL_ACCENT_COLOR_NAME = AccentColor;
				CODE_SIGN_IDENTITY = "Apple Development";
				"CODE_SIGN_IDENTITY[sdk=iphoneos*]" = "iPhone Distribution";
				CODE_SIGN_STYLE = Manual;
				CURRENT_PROJECT_VERSION = 1;
				DEVELOPMENT_TEAM = "";
				"DEVELOPMENT_TEAM[sdk=iphoneos*]" = 63ZK7FQ2ND;
				GENERATE_INFOPLIST_FILE = YES;
				INFOPLIST_FILE = "demo-ci-cd/Info.plist";
				INFOPLIST_KEY_UIApplicationSupportsIndirectInputEvents = YES;
				INFOPLIST_KEY_UILaunchStoryboardName = LaunchScreen;
				INFOPLIST_KEY_UIMainStoryboardFile = Main;
				INFOPLIST_KEY_UISupportedInterfaceOrientations = UIInterfaceOrientationPortrait;
				INFOPLIST_KEY_UISupportedInterfaceOrientations_iPad = "UIInterfaceOrientationLandscapeLeft UIInterfaceOrientationLandscapeRight UIInterfaceOrientationPortrait UIInterfaceOrientationPortraitUpsideDown";
				IPHONEOS_DEPLOYMENT_TARGET = 15.0;
				LD_RUNPATH_SEARCH_PATHS = (
					"$(inherited)",
					"@executable_path/Frameworks",
				);
				MARKETING_VERSION = 1.0;
				PRODUCT_BUNDLE_IDENTIFIER = com.khactao.testicid;
				PRODUCT_NAME = "$(TARGET_NAME)";
				PROVISIONING_PROFILE_SPECIFIER = "";
				"PROVISIONING_PROFILE_SPECIFIER[sdk=iphoneos*]" = testAppStore;
				SUPPORTED_PLATFORMS = "iphoneos iphonesimulator";
				SUPPORTS_MACCATALYST = NO;
				SUPPORTS_MAC_DESIGNED_FOR_IPHONE_IPAD = NO;
				SWIFT_EMIT_LOC_STRINGS = YES;
				SWIFT_VERSION = 5.0;
				TARGETED_DEVICE_FAMILY = 1;
			};
			name = Release;
		};
/* End XCBuildConfiguration section */

/* Begin XCConfigurationList section */
		C8EDCD062ACBD0460073A568 /* Build configuration list for PBXProject "demo-ci-cd" */ = {
			isa = XCConfigurationList;
			buildConfigurations = (
				C8EDCD1D2ACBD0470073A568 /* Debug */,
				C8EDCD1E2ACBD0470073A568 /* Release */,
			);
			defaultConfigurationIsVisible = 0;
			defaultConfigurationName = Release;
		};
		C8EDCD1F2ACBD0470073A568 /* Build configuration list for PBXNativeTarget "demo-ci-cd" */ = {
			isa = XCConfigurationList;
			buildConfigurations = (
				C8EDCD202ACBD0470073A568 /* Debug */,
				C8EDCD212ACBD0470073A568 /* Release */,
			);
			defaultConfigurationIsVisible = 0;
			defaultConfigurationName = Release;
		};
/* End XCConfigurationList section */
	};
	rootObject = C8EDCD032ACBD0460073A568 /* Project object */;
}
